// !$*UTF8*$!
{
	archiveVersion = 1;
	classes = {
	};
	objectVersion = 46;
	objects = {

/* Begin PBXBuildFile section */
		D0240B851F4BD45E000F2207 /* AppDelegate.swift in Sources */ = {isa = PBXBuildFile; fileRef = D0240B841F4BD45E000F2207 /* AppDelegate.swift */; };
		D0240B871F4BD45E000F2207 /* ViewController.swift in Sources */ = {isa = PBXBuildFile; fileRef = D0240B861F4BD45E000F2207 /* ViewController.swift */; };
		D0240B8A1F4BD45E000F2207 /* Main.storyboard in Resources */ = {isa = PBXBuildFile; fileRef = D0240B881F4BD45E000F2207 /* Main.storyboard */; };
		D0240B8C1F4BD45E000F2207 /* Assets.xcassets in Resources */ = {isa = PBXBuildFile; fileRef = D0240B8B1F4BD45E000F2207 /* Assets.xcassets */; };
		D0240B8F1F4BD45E000F2207 /* LaunchScreen.storyboard in Resources */ = {isa = PBXBuildFile; fileRef = D0240B8D1F4BD45E000F2207 /* LaunchScreen.storyboard */; };
		D0240B9A1F4BD45E000F2207 /* destroy_the_worldTests.swift in Sources */ = {isa = PBXBuildFile; fileRef = D0240B991F4BD45E000F2207 /* destroy_the_worldTests.swift */; };
		D0240BA51F4BD45E000F2207 /* destroy_the_worldUITests.swift in Sources */ = {isa = PBXBuildFile; fileRef = D0240BA41F4BD45E000F2207 /* destroy_the_worldUITests.swift */; };
/* End PBXBuildFile section */

/* Begin PBXContainerItemProxy section */
		D0240B961F4BD45E000F2207 /* PBXContainerItemProxy */ = {
			isa = PBXContainerItemProxy;
			containerPortal = D0240B791F4BD45E000F2207 /* Project object */;
			proxyType = 1;
			remoteGlobalIDString = D0240B801F4BD45E000F2207;
			remoteInfo = "destroy-the-world";
		};
		D0240BA11F4BD45E000F2207 /* PBXContainerItemProxy */ = {
			isa = PBXContainerItemProxy;
			containerPortal = D0240B791F4BD45E000F2207 /* Project object */;
			proxyType = 1;
			remoteGlobalIDString = D0240B801F4BD45E000F2207;
			remoteInfo = "destroy-the-world";
		};
/* End PBXContainerItemProxy section */

/* Begin PBXFileReference section */
		D0240B811F4BD45E000F2207 /* destroy-the-world.app */ = {isa = PBXFileReference; explicitFileType = wrapper.application; includeInIndex = 0; path = "destroy-the-world.app"; sourceTree = BUILT_PRODUCTS_DIR; };
		D0240B841F4BD45E000F2207 /* AppDelegate.swift */ = {isa = PBXFileReference; lastKnownFileType = sourcecode.swift; path = AppDelegate.swift; sourceTree = "<group>"; };
		D0240B861F4BD45E000F2207 /* ViewController.swift */ = {isa = PBXFileReference; lastKnownFileType = sourcecode.swift; path = ViewController.swift; sourceTree = "<group>"; };
		D0240B891F4BD45E000F2207 /* Base */ = {isa = PBXFileReference; lastKnownFileType = file.storyboard; name = Base; path = Base.lproj/Main.storyboard; sourceTree = "<group>"; };
		D0240B8B1F4BD45E000F2207 /* Assets.xcassets */ = {isa = PBXFileReference; lastKnownFileType = folder.assetcatalog; path = Assets.xcassets; sourceTree = "<group>"; };
		D0240B8E1F4BD45E000F2207 /* Base */ = {isa = PBXFileReference; lastKnownFileType = file.storyboard; name = Base; path = Base.lproj/LaunchScreen.storyboard; sourceTree = "<group>"; };
		D0240B901F4BD45E000F2207 /* Info.plist */ = {isa = PBXFileReference; lastKnownFileType = text.plist.xml; path = Info.plist; sourceTree = "<group>"; };
		D0240B951F4BD45E000F2207 /* destroy-the-worldTests.xctest */ = {isa = PBXFileReference; explicitFileType = wrapper.cfbundle; includeInIndex = 0; path = "destroy-the-worldTests.xctest"; sourceTree = BUILT_PRODUCTS_DIR; };
		D0240B991F4BD45E000F2207 /* destroy_the_worldTests.swift */ = {isa = PBXFileReference; lastKnownFileType = sourcecode.swift; path = destroy_the_worldTests.swift; sourceTree = "<group>"; };
		D0240B9B1F4BD45E000F2207 /* Info.plist */ = {isa = PBXFileReference; lastKnownFileType = text.plist.xml; path = Info.plist; sourceTree = "<group>"; };
		D0240BA01F4BD45E000F2207 /* destroy-the-worldUITests.xctest */ = {isa = PBXFileReference; explicitFileType = wrapper.cfbundle; includeInIndex = 0; path = "destroy-the-worldUITests.xctest"; sourceTree = BUILT_PRODUCTS_DIR; };
		D0240BA41F4BD45E000F2207 /* destroy_the_worldUITests.swift */ = {isa = PBXFileReference; lastKnownFileType = sourcecode.swift; path = destroy_the_worldUITests.swift; sourceTree = "<group>"; };
		D0240BA61F4BD45E000F2207 /* Info.plist */ = {isa = PBXFileReference; lastKnownFileType = text.plist.xml; path = Info.plist; sourceTree = "<group>"; };
/* End PBXFileReference section */

/* Begin PBXFrameworksBuildPhase section */
		D0240B7E1F4BD45E000F2207 /* Frameworks */ = {
			isa = PBXFrameworksBuildPhase;
			buildActionMask = 2147483647;
			files = (
			);
			runOnlyForDeploymentPostprocessing = 0;
		};
		D0240B921F4BD45E000F2207 /* Frameworks */ = {
			isa = PBXFrameworksBuildPhase;
			buildActionMask = 2147483647;
			files = (
			);
			runOnlyForDeploymentPostprocessing = 0;
		};
		D0240B9D1F4BD45E000F2207 /* Frameworks */ = {
			isa = PBXFrameworksBuildPhase;
			buildActionMask = 2147483647;
			files = (
			);
			runOnlyForDeploymentPostprocessing = 0;
		};
/* End PBXFrameworksBuildPhase section */

/* Begin PBXGroup section */
		D0240B781F4BD45E000F2207 = {
			isa = PBXGroup;
			children = (
				D0240B831F4BD45E000F2207 /* destroy-the-world */,
				D0240B981F4BD45E000F2207 /* destroy-the-worldTests */,
				D0240BA31F4BD45E000F2207 /* destroy-the-worldUITests */,
				D0240B821F4BD45E000F2207 /* Products */,
			);
			sourceTree = "<group>";
		};
		D0240B821F4BD45E000F2207 /* Products */ = {
			isa = PBXGroup;
			children = (
				D0240B811F4BD45E000F2207 /* destroy-the-world.app */,
				D0240B951F4BD45E000F2207 /* destroy-the-worldTests.xctest */,
				D0240BA01F4BD45E000F2207 /* destroy-the-worldUITests.xctest */,
			);
			name = Products;
			sourceTree = "<group>";
		};
		D0240B831F4BD45E000F2207 /* destroy-the-world */ = {
			isa = PBXGroup;
			children = (
				D0240B841F4BD45E000F2207 /* AppDelegate.swift */,
				D0240B861F4BD45E000F2207 /* ViewController.swift */,
				D0240B881F4BD45E000F2207 /* Main.storyboard */,
				D0240B8B1F4BD45E000F2207 /* Assets.xcassets */,
				D0240B8D1F4BD45E000F2207 /* LaunchScreen.storyboard */,
				D0240B901F4BD45E000F2207 /* Info.plist */,
			);
			path = "destroy-the-world";
			sourceTree = "<group>";
		};
		D0240B981F4BD45E000F2207 /* destroy-the-worldTests */ = {
			isa = PBXGroup;
			children = (
				D0240B991F4BD45E000F2207 /* destroy_the_worldTests.swift */,
				D0240B9B1F4BD45E000F2207 /* Info.plist */,
			);
			path = "destroy-the-worldTests";
			sourceTree = "<group>";
		};
		D0240BA31F4BD45E000F2207 /* destroy-the-worldUITests */ = {
			isa = PBXGroup;
			children = (
				D0240BA41F4BD45E000F2207 /* destroy_the_worldUITests.swift */,
				D0240BA61F4BD45E000F2207 /* Info.plist */,
			);
			path = "destroy-the-worldUITests";
			sourceTree = "<group>";
		};
/* End PBXGroup section */

/* Begin PBXNativeTarget section */
		D0240B801F4BD45E000F2207 /* destroy-the-world */ = {
			isa = PBXNativeTarget;
			buildConfigurationList = D0240BA91F4BD45E000F2207 /* Build configuration list for PBXNativeTarget "destroy-the-world" */;
			buildPhases = (
				D0240B7D1F4BD45E000F2207 /* Sources */,
				D0240B7E1F4BD45E000F2207 /* Frameworks */,
				D0240B7F1F4BD45E000F2207 /* Resources */,
			);
			buildRules = (
			);
			dependencies = (
			);
			name = "destroy-the-world";
			productName = "destroy-the-world";
			productReference = D0240B811F4BD45E000F2207 /* destroy-the-world.app */;
			productType = "com.apple.product-type.application";
		};
		D0240B941F4BD45E000F2207 /* destroy-the-worldTests */ = {
			isa = PBXNativeTarget;
			buildConfigurationList = D0240BAC1F4BD45E000F2207 /* Build configuration list for PBXNativeTarget "destroy-the-worldTests" */;
			buildPhases = (
				D0240B911F4BD45E000F2207 /* Sources */,
				D0240B921F4BD45E000F2207 /* Frameworks */,
				D0240B931F4BD45E000F2207 /* Resources */,
			);
			buildRules = (
			);
			dependencies = (
				D0240B971F4BD45E000F2207 /* PBXTargetDependency */,
			);
			name = "destroy-the-worldTests";
			productName = "destroy-the-worldTests";
			productReference = D0240B951F4BD45E000F2207 /* destroy-the-worldTests.xctest */;
			productType = "com.apple.product-type.bundle.unit-test";
		};
		D0240B9F1F4BD45E000F2207 /* destroy-the-worldUITests */ = {
			isa = PBXNativeTarget;
			buildConfigurationList = D0240BAF1F4BD45E000F2207 /* Build configuration list for PBXNativeTarget "destroy-the-worldUITests" */;
			buildPhases = (
				D0240B9C1F4BD45E000F2207 /* Sources */,
				D0240B9D1F4BD45E000F2207 /* Frameworks */,
				D0240B9E1F4BD45E000F2207 /* Resources */,
			);
			buildRules = (
			);
			dependencies = (
				D0240BA21F4BD45E000F2207 /* PBXTargetDependency */,
			);
			name = "destroy-the-worldUITests";
			productName = "destroy-the-worldUITests";
			productReference = D0240BA01F4BD45E000F2207 /* destroy-the-worldUITests.xctest */;
			productType = "com.apple.product-type.bundle.ui-testing";
		};
/* End PBXNativeTarget section */

/* Begin PBXProject section */
		D0240B791F4BD45E000F2207 /* Project object */ = {
			isa = PBXProject;
			attributes = {
				LastSwiftUpdateCheck = 0720;
				LastUpgradeCheck = 0720;
				ORGANIZATIONNAME = "Mark Austin";
				TargetAttributes = {
					D0240B801F4BD45E000F2207 = {
						CreatedOnToolsVersion = 7.2.1;
					};
					D0240B941F4BD45E000F2207 = {
						CreatedOnToolsVersion = 7.2.1;
						TestTargetID = D0240B801F4BD45E000F2207;
					};
					D0240B9F1F4BD45E000F2207 = {
						CreatedOnToolsVersion = 7.2.1;
						TestTargetID = D0240B801F4BD45E000F2207;
					};
				};
			};
			buildConfigurationList = D0240B7C1F4BD45E000F2207 /* Build configuration list for PBXProject "destroy-the-world" */;
			compatibilityVersion = "Xcode 3.2";
			developmentRegion = English;
			hasScannedForEncodings = 0;
			knownRegions = (
				en,
				Base,
			);
			mainGroup = D0240B781F4BD45E000F2207;
			productRefGroup = D0240B821F4BD45E000F2207 /* Products */;
			projectDirPath = "";
			projectRoot = "";
			targets = (
				D0240B801F4BD45E000F2207 /* destroy-the-world */,
				D0240B941F4BD45E000F2207 /* destroy-the-worldTests */,
				D0240B9F1F4BD45E000F2207 /* destroy-the-worldUITests */,
			);
		};
/* End PBXProject section */

/* Begin PBXResourcesBuildPhase section */
		D0240B7F1F4BD45E000F2207 /* Resources */ = {
			isa = PBXResourcesBuildPhase;
			buildActionMask = 2147483647;
			files = (
				D0240B8F1F4BD45E000F2207 /* LaunchScreen.storyboard in Resources */,
				D0240B8C1F4BD45E000F2207 /* Assets.xcassets in Resources */,
				D0240B8A1F4BD45E000F2207 /* Main.storyboard in Resources */,
			);
			runOnlyForDeploymentPostprocessing = 0;
		};
		D0240B931F4BD45E000F2207 /* Resources */ = {
			isa = PBXResourcesBuildPhase;
			buildActionMask = 2147483647;
			files = (
			);
			runOnlyForDeploymentPostprocessing = 0;
		};
		D0240B9E1F4BD45E000F2207 /* Resources */ = {
			isa = PBXResourcesBuildPhase;
			buildActionMask = 2147483647;
			files = (
			);
			runOnlyForDeploymentPostprocessing = 0;
		};
/* End PBXResourcesBuildPhase section */

/* Begin PBXSourcesBuildPhase section */
		D0240B7D1F4BD45E000F2207 /* Sources */ = {
			isa = PBXSourcesBuildPhase;
			buildActionMask = 2147483647;
			files = (
				D0240B871F4BD45E000F2207 /* ViewController.swift in Sources */,
				D0240B851F4BD45E000F2207 /* AppDelegate.swift in Sources */,
			);
			runOnlyForDeploymentPostprocessing = 0;
		};
		D0240B911F4BD45E000F2207 /* Sources */ = {
			isa = PBXSourcesBuildPhase;
			buildActionMask = 2147483647;
			files = (
				D0240B9A1F4BD45E000F2207 /* destroy_the_worldTests.swift in Sources */,
			);
			runOnlyForDeploymentPostprocessing = 0;
		};
		D0240B9C1F4BD45E000F2207 /* Sources */ = {
			isa = PBXSourcesBuildPhase;
			buildActionMask = 2147483647;
			files = (
				D0240BA51F4BD45E000F2207 /* destroy_the_worldUITests.swift in Sources */,
			);
			runOnlyForDeploymentPostprocessing = 0;
		};
/* End PBXSourcesBuildPhase section */

/* Begin PBXTargetDependency section */
		D0240B971F4BD45E000F2207 /* PBXTargetDependency */ = {
			isa = PBXTargetDependency;
			target = D0240B801F4BD45E000F2207 /* destroy-the-world */;
			targetProxy = D0240B961F4BD45E000F2207 /* PBXContainerItemProxy */;
		};
		D0240BA21F4BD45E000F2207 /* PBXTargetDependency */ = {
			isa = PBXTargetDependency;
			target = D0240B801F4BD45E000F2207 /* destroy-the-world */;
			targetProxy = D0240BA11F4BD45E000F2207 /* PBXContainerItemProxy */;
		};
/* End PBXTargetDependency section */

/* Begin PBXVariantGroup section */
		D0240B881F4BD45E000F2207 /* Main.storyboard */ = {
			isa = PBXVariantGroup;
			children = (
				D0240B891F4BD45E000F2207 /* Base */,
			);
			name = Main.storyboard;
			sourceTree = "<group>";
		};
		D0240B8D1F4BD45E000F2207 /* LaunchScreen.storyboard */ = {
			isa = PBXVariantGroup;
			children = (
				D0240B8E1F4BD45E000F2207 /* Base */,
			);
			name = LaunchScreen.storyboard;
			sourceTree = "<group>";
		};
/* End PBXVariantGroup section */

/* Begin XCBuildConfiguration section */
		D0240BA71F4BD45E000F2207 /* Debug */ = {
			isa = XCBuildConfiguration;
			buildSettings = {
				ALWAYS_SEARCH_USER_PATHS = NO;
				CLANG_CXX_LANGUAGE_STANDARD = "gnu++0x";
				CLANG_CXX_LIBRARY = "libc++";
				CLANG_ENABLE_MODULES = YES;
				CLANG_ENABLE_OBJC_ARC = YES;
				CLANG_WARN_BOOL_CONVERSION = YES;
				CLANG_WARN_CONSTANT_CONVERSION = YES;
				CLANG_WARN_DIRECT_OBJC_ISA_USAGE = YES_ERROR;
				CLANG_WARN_EMPTY_BODY = YES;
				CLANG_WARN_ENUM_CONVERSION = YES;
				CLANG_WARN_INT_CONVERSION = YES;
				CLANG_WARN_OBJC_ROOT_CLASS = YES_ERROR;
				CLANG_WARN_UNREACHABLE_CODE = YES;
				CLANG_WARN__DUPLICATE_METHOD_MATCH = YES;
				"CODE_SIGN_IDENTITY[sdk=iphoneos*]" = "iPhone Developer";
				COPY_PHASE_STRIP = NO;
				DEBUG_INFORMATION_FORMAT = dwarf;
				ENABLE_STRICT_OBJC_MSGSEND = YES;
				ENABLE_TESTABILITY = YES;
				GCC_C_LANGUAGE_STANDARD = gnu99;
				GCC_DYNAMIC_NO_PIC = NO;
				GCC_NO_COMMON_BLOCKS = YES;
				GCC_OPTIMIZATION_LEVEL = 0;
				GCC_PREPROCESSOR_DEFINITIONS = (
					"DEBUG=1",
					"$(inherited)",
				);
				GCC_WARN_64_TO_32_BIT_CONVERSION = YES;
				GCC_WARN_ABOUT_RETURN_TYPE = YES_ERROR;
				GCC_WARN_UNDECLARED_SELECTOR = YES;
				GCC_WARN_UNINITIALIZED_AUTOS = YES_AGGRESSIVE;
				GCC_WARN_UNUSED_FUNCTION = YES;
				GCC_WARN_UNUSED_VARIABLE = YES;
				IPHONEOS_DEPLOYMENT_TARGET = 9.2;
				MTL_ENABLE_DEBUG_INFO = YES;
				ONLY_ACTIVE_ARCH = YES;
				SDKROOT = iphoneos;
				SWIFT_OPTIMIZATION_LEVEL = "-Onone";
			};
			name = Debug;
		};
		D0240BA81F4BD45E000F2207 /* Release */ = {
			isa = XCBuildConfiguration;
			buildSettings = {
				ALWAYS_SEARCH_USER_PATHS = NO;
				CLANG_CXX_LANGUAGE_STANDARD = "gnu++0x";
				CLANG_CXX_LIBRARY = "libc++";
				CLANG_ENABLE_MODULES = YES;
				CLANG_ENABLE_OBJC_ARC = YES;
				CLANG_WARN_BOOL_CONVERSION = YES;
				CLANG_WARN_CONSTANT_CONVERSION = YES;
				CLANG_WARN_DIRECT_OBJC_ISA_USAGE = YES_ERROR;
				CLANG_WARN_EMPTY_BODY = YES;
				CLANG_WARN_ENUM_CONVERSION = YES;
				CLANG_WARN_INT_CONVERSION = YES;
				CLANG_WARN_OBJC_ROOT_CLASS = YES_ERROR;
				CLANG_WARN_UNREACHABLE_CODE = YES;
				CLANG_WARN__DUPLICATE_METHOD_MATCH = YES;
				"CODE_SIGN_IDENTITY[sdk=iphoneos*]" = "iPhone Developer";
				COPY_PHASE_STRIP = NO;
				DEBUG_INFORMATION_FORMAT = "dwarf-with-dsym";
				ENABLE_NS_ASSERTIONS = NO;
				ENABLE_STRICT_OBJC_MSGSEND = YES;
				GCC_C_LANGUAGE_STANDARD = gnu99;
				GCC_NO_COMMON_BLOCKS = YES;
				GCC_WARN_64_TO_32_BIT_CONVERSION = YES;
				GCC_WARN_ABOUT_RETURN_TYPE = YES_ERROR;
				GCC_WARN_UNDECLARED_SELECTOR = YES;
				GCC_WARN_UNINITIALIZED_AUTOS = YES_AGGRESSIVE;
				GCC_WARN_UNUSED_FUNCTION = YES;
				GCC_WARN_UNUSED_VARIABLE = YES;
				IPHONEOS_DEPLOYMENT_TARGET = 9.2;
				MTL_ENABLE_DEBUG_INFO = NO;
				SDKROOT = iphoneos;
				VALIDATE_PRODUCT = YES;
			};
			name = Release;
		};
		D0240BAA1F4BD45E000F2207 /* Debug */ = {
			isa = XCBuildConfiguration;
			buildSettings = {
				ASSETCATALOG_COMPILER_APPICON_NAME = AppIcon;
				INFOPLIST_FILE = "destroy-the-world/Info.plist";
				LD_RUNPATH_SEARCH_PATHS = "$(inherited) @executable_path/Frameworks";
				PRODUCT_BUNDLE_IDENTIFIER = "com.HeliosPowerOn.destroy-the-world";
				PRODUCT_NAME = "$(TARGET_NAME)";
			};
			name = Debug;
		};
		D0240BAB1F4BD45E000F2207 /* Release */ = {
			isa = XCBuildConfiguration;
			buildSettings = {
				ASSETCATALOG_COMPILER_APPICON_NAME = AppIcon;
				INFOPLIST_FILE = "destroy-the-world/Info.plist";
				LD_RUNPATH_SEARCH_PATHS = "$(inherited) @executable_path/Frameworks";
				PRODUCT_BUNDLE_IDENTIFIER = "com.HeliosPowerOn.destroy-the-world";
				PRODUCT_NAME = "$(TARGET_NAME)";
			};
			name = Release;
		};
		D0240BAD1F4BD45E000F2207 /* Debug */ = {
			isa = XCBuildConfiguration;
			buildSettings = {
				BUNDLE_LOADER = "$(TEST_HOST)";
				INFOPLIST_FILE = "destroy-the-worldTests/Info.plist";
				LD_RUNPATH_SEARCH_PATHS = "$(inherited) @executable_path/Frameworks @loader_path/Frameworks";
				PRODUCT_BUNDLE_IDENTIFIER = "com.HeliosPowerOn.destroy-the-worldTests";
				PRODUCT_NAME = "$(TARGET_NAME)";
				TEST_HOST = "$(BUILT_PRODUCTS_DIR)/destroy-the-world.app/destroy-the-world";
			};
			name = Debug;
		};
		D0240BAE1F4BD45E000F2207 /* Release */ = {
			isa = XCBuildConfiguration;
			buildSettings = {
				BUNDLE_LOADER = "$(TEST_HOST)";
				INFOPLIST_FILE = "destroy-the-worldTests/Info.plist";
				LD_RUNPATH_SEARCH_PATHS = "$(inherited) @executable_path/Frameworks @loader_path/Frameworks";
				PRODUCT_BUNDLE_IDENTIFIER = "com.HeliosPowerOn.destroy-the-worldTests";
				PRODUCT_NAME = "$(TARGET_NAME)";
				TEST_HOST = "$(BUILT_PRODUCTS_DIR)/destroy-the-world.app/destroy-the-world";
			};
			name = Release;
		};
		D0240BB01F4BD45E000F2207 /* Debug */ = {
			isa = XCBuildConfiguration;
			buildSettings = {
				INFOPLIST_FILE = "destroy-the-worldUITests/Info.plist";
				LD_RUNPATH_SEARCH_PATHS = "$(inherited) @executable_path/Frameworks @loader_path/Frameworks";
				PRODUCT_BUNDLE_IDENTIFIER = "com.HeliosPowerOn.destroy-the-worldUITests";
				PRODUCT_NAME = "$(TARGET_NAME)";
				TEST_TARGET_NAME = "destroy-the-world";
				USES_XCTRUNNER = YES;
			};
			name = Debug;
		};
		D0240BB11F4BD45E000F2207 /* Release */ = {
			isa = XCBuildConfiguration;
			buildSettings = {
				INFOPLIST_FILE = "destroy-the-worldUITests/Info.plist";
				LD_RUNPATH_SEARCH_PATHS = "$(inherited) @executable_path/Frameworks @loader_path/Frameworks";
				PRODUCT_BUNDLE_IDENTIFIER = "com.HeliosPowerOn.destroy-the-worldUITests";
				PRODUCT_NAME = "$(TARGET_NAME)";
				TEST_TARGET_NAME = "destroy-the-world";
				USES_XCTRUNNER = YES;
			};
			name = Release;
		};
/* End XCBuildConfiguration section */

/* Begin XCConfigurationList section */
		D0240B7C1F4BD45E000F2207 /* Build configuration list for PBXProject "destroy-the-world" */ = {
			isa = XCConfigurationList;
			buildConfigurations = (
				D0240BA71F4BD45E000F2207 /* Debug */,
				D0240BA81F4BD45E000F2207 /* Release */,
			);
			defaultConfigurationIsVisible = 0;
			defaultConfigurationName = Release;
		};
		D0240BA91F4BD45E000F2207 /* Build configuration list for PBXNativeTarget "destroy-the-world" */ = {
			isa = XCConfigurationList;
			buildConfigurations = (
				D0240BAA1F4BD45E000F2207 /* Debug */,
				D0240BAB1F4BD45E000F2207 /* Release */,
			);
			defaultConfigurationIsVisible = 0;
		};
		D0240BAC1F4BD45E000F2207 /* Build configuration list for PBXNativeTarget "destroy-the-worldTests" */ = {
			isa = XCConfigurationList;
			buildConfigurations = (
				D0240BAD1F4BD45E000F2207 /* Debug */,
				D0240BAE1F4BD45E000F2207 /* Release */,
			);
			defaultConfigurationIsVisible = 0;
		};
		D0240BAF1F4BD45E000F2207 /* Build configuration list for PBXNativeTarget "destroy-the-worldUITests" */ = {
			isa = XCConfigurationList;
			buildConfigurations = (
				D0240BB01F4BD45E000F2207 /* Debug */,
				D0240BB11F4BD45E000F2207 /* Release */,
			);
			defaultConfigurationIsVisible = 0;
		};
/* End XCConfigurationList section */
	};
	rootObject = D0240B791F4BD45E000F2207 /* Project object */;
}
